{
  "version": "4",
  "specifiers": {
    "jsr:@elsoul/child-process@1.1.0": "1.1.0",
    "jsr:@std/assert@1": "1.0.9",
    "jsr:@std/dotenv@0.225.2": "0.225.2",
    "jsr:@std/internal@^1.0.5": "1.0.5",
    "npm:@triton-one/yellowstone-grpc@1.3.0": "1.3.0",
    "npm:bs58@6.0.0": "6.0.0"
  },
  "jsr": {
    "@elsoul/child-process@1.1.0": {
      "integrity": "930ae3e764d7cef53adce413d09b440493aae6849689ff49d5d6102764386fe0"
    },
    "@std/assert@1.0.9": {
      "integrity": "a9f0c611a869cc791b26f523eec54c7e187aab7932c2c8e8bea0622d13680dcd",
      "dependencies": [
        "jsr:@std/internal"
      ]
    },
    "@std/dotenv@0.225.2": {
      "integrity": "e2025dce4de6c7bca21dece8baddd4262b09d5187217e231b033e088e0c4dd23"
    },
    "@std/internal@1.0.5": {
      "integrity": "54a546004f769c1ac9e025abd15a76b6671ddc9687e2313b67376125650dc7ba"
    }
  },
  "npm": {
    "@grpc/grpc-js@1.12.4": {
      "integrity": "sha512-NBhrxEWnFh0FxeA0d//YP95lRFsSx2TNLEUQg4/W+5f/BMxcCjgOOIT24iD+ZB/tZw057j44DaIxja7w4XMrhg==",
      "dependencies": [
        "@grpc/proto-loader",
        "@js-sdsl/ordered-map"
      ]
    },
    "@grpc/proto-loader@0.7.13": {
      "integrity": "sha512-AiXO/bfe9bmxBjxxtYxFAXGZvMaN5s8kO+jBHAJCON8rJoB5YS/D6X7ZNc6XQkuHNmyl4CYaMI1fJ/Gn27RGGw==",
      "dependencies": [
        "lodash.camelcase",
        "long",
        "protobufjs",
        "yargs"
      ]
    },
    "@js-sdsl/ordered-map@4.4.2": {
      "integrity": "sha512-iUKgm52T8HOE/makSxjqoWhe95ZJA1/G1sYsGev2JDKUSS14KAgg1LHb+Ba+IPow0xflbnSkOsZcO08C7w1gYw=="
    },
    "@protobufjs/aspromise@1.1.2": {
      "integrity": "sha512-j+gKExEuLmKwvz3OgROXtrJ2UG2x8Ch2YZUxahh+s1F2HZ+wAceUNLkvy6zKCPVRkU++ZWQrdxsUeQXmcg4uoQ=="
    },
    "@protobufjs/base64@1.1.2": {
      "integrity": "sha512-AZkcAA5vnN/v4PDqKyMR5lx7hZttPDgClv83E//FMNhR2TMcLUhfRUBHCmSl0oi9zMgDDqRUJkSxO3wm85+XLg=="
    },
    "@protobufjs/codegen@2.0.4": {
      "integrity": "sha512-YyFaikqM5sH0ziFZCN3xDC7zeGaB/d0IUb9CATugHWbd1FRFwWwt4ld4OYMPWu5a3Xe01mGAULCdqhMlPl29Jg=="
    },
    "@protobufjs/eventemitter@1.1.0": {
      "integrity": "sha512-j9ednRT81vYJ9OfVuXG6ERSTdEL1xVsNgqpkxMsbIabzSo3goCjDIveeGv5d03om39ML71RdmrGNjG5SReBP/Q=="
    },
    "@protobufjs/fetch@1.1.0": {
      "integrity": "sha512-lljVXpqXebpsijW71PZaCYeIcE5on1w5DlQy5WH6GLbFryLUrBD4932W/E2BSpfRJWseIL4v/KPgBFxDOIdKpQ==",
      "dependencies": [
        "@protobufjs/aspromise",
        "@protobufjs/inquire"
      ]
    },
    "@protobufjs/float@1.0.2": {
      "integrity": "sha512-Ddb+kVXlXst9d+R9PfTIxh1EdNkgoRe5tOX6t01f1lYWOvJnSPDBlG241QLzcyPdoNTsblLUdujGSE4RzrTZGQ=="
    },
    "@protobufjs/inquire@1.1.0": {
      "integrity": "sha512-kdSefcPdruJiFMVSbn801t4vFK7KB/5gd2fYvrxhuJYg8ILrmn9SKSX2tZdV6V+ksulWqS7aXjBcRXl3wHoD9Q=="
    },
    "@protobufjs/path@1.1.2": {
      "integrity": "sha512-6JOcJ5Tm08dOHAbdR3GrvP+yUUfkjG5ePsHYczMFLq3ZmMkAD98cDgcT2iA1lJ9NVwFd4tH/iSSoe44YWkltEA=="
    },
    "@protobufjs/pool@1.1.0": {
      "integrity": "sha512-0kELaGSIDBKvcgS4zkjz1PeddatrjYcmMWOlAuAPwAeccUrPHdUqo/J6LiymHHEiJT5NrF1UVwxY14f+fy4WQw=="
    },
    "@protobufjs/utf8@1.1.0": {
      "integrity": "sha512-Vvn3zZrhQZkkBE8LSuW3em98c0FwgO4nxzv6OdSxPKJIEKY2bGbHn+mhGIPerzI4twdxaP8/0+06HBpwf345Lw=="
    },
    "@triton-one/yellowstone-grpc@1.3.0": {
      "integrity": "sha512-tuwHtoYzvqnahsMrecfNNkQceCYwgiY0qKS8RwqtaxvDEgjm0E+0bXwKz2eUD3ZFYifomJmRKDmSBx9yQzAeMQ==",
      "dependencies": [
        "@grpc/grpc-js"
      ]
    },
    "@types/node@22.10.1": {
      "integrity": "sha512-qKgsUwfHZV2WCWLAnVP1JqnpE6Im6h3Y0+fYgMTasNQ7V++CBX5OT1as0g0f+OyubbFqhf6XVNIsmN4IIhEgGQ==",
      "dependencies": [
        "undici-types"
      ]
    },
    "ansi-regex@5.0.1": {
      "integrity": "sha512-quJQXlTSUGL2LH9SUXo8VwsY4soanhgo6LNSm84E1LBcE8s3O0wpdiRzyR9z/ZZJMlMWv37qOOb9pdJlMUEKFQ=="
    },
    "ansi-styles@4.3.0": {
      "integrity": "sha512-zbB9rCJAT1rbjiVDb2hqKFHNYLxgtk8NURxZ3IZwD3F6NtxbXZQCnnSi1Lkx+IDohdPlFp222wVALIheZJQSEg==",
      "dependencies": [
        "color-convert"
      ]
    },
    "base-x@5.0.0": {
      "integrity": "sha512-sMW3VGSX1QWVFA6l8U62MLKz29rRfpTlYdCqLdpLo1/Yd4zZwSbnUaDfciIAowAqvq7YFnWq9hrhdg1KYgc1lQ=="
    },
    "bs58@6.0.0": {
      "integrity": "sha512-PD0wEnEYg6ijszw/u8s+iI3H17cTymlrwkKhDhPZq+Sokl3AU4htyBFTjAeNAlCCmg0f53g6ih3jATyCKftTfw==",
      "dependencies": [
        "base-x"
      ]
    },
    "cliui@8.0.1": {
      "integrity": "sha512-BSeNnyus75C4//NQ9gQt1/csTXyo/8Sb+afLAkzAptFuMsod9HFokGNudZpi/oQV73hnVK+sR+5PVRMd+Dr7YQ==",
      "dependencies": [
        "string-width",
        "strip-ansi",
        "wrap-ansi"
      ]
    },
    "color-convert@2.0.1": {
      "integrity": "sha512-RRECPsj7iu/xb5oKYcsFHSppFNnsj/52OVTRKb4zP5onXwVF3zVmmToNcOfGC+CRDpfK/U584fMg38ZHCaElKQ==",
      "dependencies": [
        "color-name"
      ]
    },
    "color-name@1.1.4": {
      "integrity": "sha512-dOy+3AuW3a2wNbZHIuMZpTcgjGuLU/uBL/ubcZF9OXbDo8ff4O8yVp5Bf0efS8uEoYo5q4Fx7dY9OgQGXgAsQA=="
    },
    "emoji-regex@8.0.0": {
      "integrity": "sha512-MSjYzcWNOA0ewAHpz0MxpYFvwg6yjy1NG3xteoqz644VCo/RPgnr1/GGt+ic3iJTzQ8Eu3TdM14SawnVUmGE6A=="
    },
    "escalade@3.2.0": {
      "integrity": "sha512-WUj2qlxaQtO4g6Pq5c29GTcWGDyd8itL8zTlipgECz3JesAiiOKotd8JU6otB3PACgG6xkJUyVhboMS+bje/jA=="
    },
    "get-caller-file@2.0.5": {
      "integrity": "sha512-DyFP3BM/3YHTQOCUL/w0OZHR0lpKeGrxotcHWcqNEdnltqFwXVfhEBQ94eIo34AfQpo0rGki4cyIiftY06h2Fg=="
    },
    "is-fullwidth-code-point@3.0.0": {
      "integrity": "sha512-zymm5+u+sCsSWyD9qNaejV3DFvhCKclKdizYaJUuHA83RLjb7nSuGnddCHGv0hk+KY7BMAlsWeK4Ueg6EV6XQg=="
    },
    "lodash.camelcase@4.3.0": {
      "integrity": "sha512-TwuEnCnxbc3rAvhf/LbG7tJUDzhqXyFnv3dtzLOPgCG/hODL7WFnsbwktkD7yUV0RrreP/l1PALq/YSg6VvjlA=="
    },
    "long@5.2.3": {
      "integrity": "sha512-lcHwpNoggQTObv5apGNCTdJrO69eHOZMi4BNC+rTLER8iHAqGrUVeLh/irVIM7zTw2bOXA8T6uNPeujwOLg/2Q=="
    },
    "protobufjs@7.4.0": {
      "integrity": "sha512-mRUWCc3KUU4w1jU8sGxICXH/gNS94DvI1gxqDvBzhj1JpcsimQkYiOJfwsPUykUI5ZaspFbSgmBLER8IrQ3tqw==",
      "dependencies": [
        "@protobufjs/aspromise",
        "@protobufjs/base64",
        "@protobufjs/codegen",
        "@protobufjs/eventemitter",
        "@protobufjs/fetch",
        "@protobufjs/float",
        "@protobufjs/inquire",
        "@protobufjs/path",
        "@protobufjs/pool",
        "@protobufjs/utf8",
        "@types/node",
        "long"
      ]
    },
    "require-directory@2.1.1": {
      "integrity": "sha512-fGxEI7+wsG9xrvdjsrlmL22OMTTiHRwAMroiEeMgq8gzoLC/PQr7RsRDSTLUg/bZAZtF+TVIkHc6/4RIKrui+Q=="
    },
    "string-width@4.2.3": {
      "integrity": "sha512-wKyQRQpjJ0sIp62ErSZdGsjMJWsap5oRNihHhu6G7JVO/9jIB6UyevL+tXuOqrng8j/cxKTWyWUwvSTriiZz/g==",
      "dependencies": [
        "emoji-regex",
        "is-fullwidth-code-point",
        "strip-ansi"
      ]
    },
    "strip-ansi@6.0.1": {
      "integrity": "sha512-Y38VPSHcqkFrCpFnQ9vuSXmquuv5oXOKpGeT6aGrr3o3Gc9AlVa6JBfUSOCnbxGGZF+/0ooI7KrPuUSztUdU5A==",
      "dependencies": [
        "ansi-regex"
      ]
    },
    "undici-types@6.20.0": {
      "integrity": "sha512-Ny6QZ2Nju20vw1SRHe3d9jVu6gJ+4e3+MMpqu7pqE5HT6WsTSlce++GQmK5UXS8mzV8DSYHrQH+Xrf2jVcuKNg=="
    },
    "wrap-ansi@7.0.0": {
      "integrity": "sha512-YVGIj2kamLSTxw6NsZjoBxfSwsn0ycdesmc4p+Q21c5zPuZ1pl+NfxVdxPtdHvmNVOQ6XSYG4AUtyt/Fi7D16Q==",
      "dependencies": [
        "ansi-styles",
        "string-width",
        "strip-ansi"
      ]
    },
    "y18n@5.0.8": {
      "integrity": "sha512-0pfFzegeDWJHJIAmTLRP2DwHjdF5s7jo9tuztdQxAhINCdvS+3nGINqPd00AphqJR/0LhANUS6/+7SCb98YOfA=="
    },
    "yargs-parser@21.1.1": {
      "integrity": "sha512-tVpsJW7DdjecAiFpbIB1e3qxIQsE6NoPc5/eTdrbbIC4h0LVsWhnoa3g+m2HclBIujHzsxZ4VJVA+GUuc2/LBw=="
    },
    "yargs@17.7.2": {
      "integrity": "sha512-7dSzzRQ++CKnNI/krKnYRV7JKKPUXMEh61soaHKg9mrWEhzFWhFnxPxGl+69cD1Ou63C13NUPCnmIcrvqCuM6w==",
      "dependencies": [
        "cliui",
        "escalade",
        "get-caller-file",
        "require-directory",
        "string-width",
        "y18n",
        "yargs-parser"
      ]
    }
  },
  "remote": {
    "https://deno.land/std@0.185.0/fmt/colors.ts": "d67e3cd9f472535241a8e410d33423980bec45047e343577554d3356e1f0ef4e",
    "https://deno.land/std@0.185.0/testing/_diff.ts": "1a3c044aedf77647d6cac86b798c6417603361b66b54c53331b312caeb447aea",
    "https://deno.land/std@0.185.0/testing/_format.ts": "a69126e8a469009adf4cf2a50af889aca364c349797e63174884a52ff75cf4c7",
    "https://deno.land/std@0.185.0/testing/asserts.ts": "e16d98b4d73ffc4ed498d717307a12500ae4f2cbe668f1a215632d19fcffc22f",
    "https://deno.land/std@0.221.0/assert/assert.ts": "bec068b2fccdd434c138a555b19a2c2393b71dfaada02b7d568a01541e67cdc5",
    "https://deno.land/std@0.221.0/assert/assertion_error.ts": "9f689a101ee586c4ce92f52fa7ddd362e86434ffdf1f848e45987dc7689976b8",
    "https://deno.land/std@0.221.0/console/_data.json": "cf2cc9d039a192b3adbfe64627167c7e6212704c888c25c769fc8f1709e1e1b8",
    "https://deno.land/std@0.221.0/console/_run_length.ts": "7da8642a0f4f41ac27c0adb1364e18886be856c1d08c5cce6c6b5c00543c8722",
    "https://deno.land/std@0.221.0/console/unicode_width.ts": "d92f085c0ab9c7ab171e4e7862dfd9d3a36ffd369939be5d3e1140ec58bc820f",
    "https://deno.land/std@0.221.0/fmt/colors.ts": "d239d84620b921ea520125d778947881f62c50e78deef2657073840b8af9559a",
    "https://deno.land/std@0.221.0/text/closest_string.ts": "8a91ee8b6d69ff96addcb7c251dad53b476ac8be9c756a0ef786abe9e13a93a5",
    "https://deno.land/std@0.221.0/text/levenshtein_distance.ts": "24be5cc88326bbba83ca7c1ea89259af0050cffda2817ff3a6d240ad6495eae2",
    "https://deno.land/x/cliffy@v1.0.0-rc.4/command/_argument_types.ts": "ab269dacea2030f865a07c2a1e953ec437a64419a05bad1f1ddaab3f99752ead",
    "https://deno.land/x/cliffy@v1.0.0-rc.4/command/_errors.ts": "d78e1b4d69d84b8b476b5f3c0b028e3906d48f21b8f1ca1d36d5abe9ccfe48bc",
    "https://deno.land/x/cliffy@v1.0.0-rc.4/command/_spread.ts": "0cc6eb70a6df97b5d7d26008822d39f3e8a1232ee0a27f395aa19e68de738245",
    "https://deno.land/x/cliffy@v1.0.0-rc.4/command/_type_utils.ts": "820004a59bc858e355b11f80e5b3ff1be2c87e66f31f53f253610170795602f0",
    "https://deno.land/x/cliffy@v1.0.0-rc.4/command/_utils.ts": "fa0e88cc4215b18554a7308e8e2ae3a12be0fb91c54d1473c54c530dbd4adfcb",
    "https://deno.land/x/cliffy@v1.0.0-rc.4/command/command.ts": "83cbece11c1459d5bc5add32c3cad0bf49e92c4ddd3ef00f22f80efdae30994e",
    "https://deno.land/x/cliffy@v1.0.0-rc.4/command/completions/_bash_completions_generator.ts": "0c6cb1df4d378d22f001155781d97a9c3519fd10c48187a198fef2cc63b0f84a",
    "https://deno.land/x/cliffy@v1.0.0-rc.4/command/completions/_fish_completions_generator.ts": "8ba4455f7f76a756e05c3db4ce35332b2951af65a2891f2750b530e06880f495",
    "https://deno.land/x/cliffy@v1.0.0-rc.4/command/completions/_zsh_completions_generator.ts": "9df79fbac17a32b9645d01628c41a2bfd295d7976b87b0ae235f50a9c8975fbc",
    "https://deno.land/x/cliffy@v1.0.0-rc.4/command/completions/bash.ts": "53fe78994eb2359110dc4fa79235bdd86800a38c1d6b1c4fe673c81756f3a0e2",
    "https://deno.land/x/cliffy@v1.0.0-rc.4/command/completions/complete.ts": "58df61caa5e6220ff2768636a69337923ad9d4b8c1932aeb27165081c4d07d8b",
    "https://deno.land/x/cliffy@v1.0.0-rc.4/command/completions/completions_command.ts": "506f97f1c6b0b1c3e9956e5069070028b818942310600d4157f64c9b644d3c49",
    "https://deno.land/x/cliffy@v1.0.0-rc.4/command/completions/fish.ts": "6f0b44b4067740b2931c9ec8863b6619b1d3410fea0c5a3988525a4c53059197",
    "https://deno.land/x/cliffy@v1.0.0-rc.4/command/completions/mod.ts": "8dda715ca25f3f66d5ec232b76d7c9a96dd4c64b5029feff91738cc0c9586fb1",
    "https://deno.land/x/cliffy@v1.0.0-rc.4/command/completions/zsh.ts": "f1263c3946975e090d4aadc8681db811d86b52a8ae680f246e03248025885c21",
    "https://deno.land/x/cliffy@v1.0.0-rc.4/command/deprecated.ts": "bbe6670f1d645b773d04b725b8b8e7814c862c9f1afba460c4d599ffe9d4983c",
    "https://deno.land/x/cliffy@v1.0.0-rc.4/command/deps.ts": "a58ea2fa4e2ed9b39bb8dd8c35dd0498c74f05392517ff230a9a4d04c4c766b7",
    "https://deno.land/x/cliffy@v1.0.0-rc.4/command/help/_help_generator.ts": "98619da83ff25523280a6fdcad89af3f13a6fafefc81b71f8230f3344b5ff2c5",
    "https://deno.land/x/cliffy@v1.0.0-rc.4/command/help/help_command.ts": "fbbf0c0827dd21d3cec7bcc68c00c20b55f53e2b621032891b9d23ac4191231c",
    "https://deno.land/x/cliffy@v1.0.0-rc.4/command/help/mod.ts": "8369b292761dcc9ddaf41f2d34bfb06fb6800b69efe80da4fc9752c3b890275b",
    "https://deno.land/x/cliffy@v1.0.0-rc.4/command/mod.ts": "4b708df1b97152522bee0e3828f06abbbc1d2250168910e5cf454950d7b7404b",
    "https://deno.land/x/cliffy@v1.0.0-rc.4/command/type.ts": "f588f5d9635b79100044e62aced4b00e510e75b83801f9b089c40c2d98674de2",
    "https://deno.land/x/cliffy@v1.0.0-rc.4/command/types.ts": "bc9ff7459b9cc1079eeb95ff101690a51b4b4afa4af5623340076ee361d08dbb",
    "https://deno.land/x/cliffy@v1.0.0-rc.4/command/types/action_list.ts": "33c98d449617c7a563a535c9ceb3741bde9f6363353fd492f90a74570c611c27",
    "https://deno.land/x/cliffy@v1.0.0-rc.4/command/types/boolean.ts": "3879ec16092b4b5b1a0acb8675f8c9250c0b8a972e1e4c7adfba8335bd2263ed",
    "https://deno.land/x/cliffy@v1.0.0-rc.4/command/types/child_command.ts": "f1fca390c7fbfa7a713ca15ef55c2c7656bcbb394d50e8ef54085bdf6dc22559",
    "https://deno.land/x/cliffy@v1.0.0-rc.4/command/types/command.ts": "325d0382e383b725fd8d0ef34ebaeae082c5b76a1f6f2e843fee5dbb1a4fe3ac",
    "https://deno.land/x/cliffy@v1.0.0-rc.4/command/types/enum.ts": "8a7cd2898e03089234083bb78c8b1d9b7172254c53c32d4710321638165a48ec",
    "https://deno.land/x/cliffy@v1.0.0-rc.4/command/types/file.ts": "8618f16ac9015c8589cbd946b3de1988cc4899b90ea251f3325c93c46745140e",
    "https://deno.land/x/cliffy@v1.0.0-rc.4/command/types/integer.ts": "29864725fd48738579d18123d7ee78fed37515e6dc62146c7544c98a82f1778d",
    "https://deno.land/x/cliffy@v1.0.0-rc.4/command/types/number.ts": "aeba96e6f470309317a16b308c82e0e4138a830ec79c9877e4622c682012bc1f",
    "https://deno.land/x/cliffy@v1.0.0-rc.4/command/types/string.ts": "e4dadb08a11795474871c7967beab954593813bb53d9f69ea5f9b734e43dc0e0",
    "https://deno.land/x/cliffy@v1.0.0-rc.4/command/upgrade/_check_version.ts": "6cfa7dc26bc0dc46381500e8d4b130fb224f4c5456152dada15bd3793edca89b",
    "https://deno.land/x/cliffy@v1.0.0-rc.4/command/upgrade/mod.ts": "4eff69c489467be17dea27fb95a795396111ee385d170ac0cbcc82f0ea38156c",
    "https://deno.land/x/cliffy@v1.0.0-rc.4/command/upgrade/provider.ts": "c23253334097dc4b8a147ccdeb3aa44f5a95aa953a6386cb5396f830d95d77a5",
    "https://deno.land/x/cliffy@v1.0.0-rc.4/command/upgrade/provider/deno_land.ts": "24f8d82e38c51e09be989f30f8ad21f9dd41ac1bb1973b443a13883e8ba06d6d",
    "https://deno.land/x/cliffy@v1.0.0-rc.4/command/upgrade/provider/github.ts": "99e1b133dd446c6aa79f69e69c46eb8bc1c968dd331c2a7d4064514a317c7b59",
    "https://deno.land/x/cliffy@v1.0.0-rc.4/command/upgrade/provider/nest_land.ts": "0e07936cea04fa41ac9297f32d87f39152ea873970c54cb5b4934b12fee1885e",
    "https://deno.land/x/cliffy@v1.0.0-rc.4/command/upgrade/upgrade_command.ts": "27191f4b1ce93581b6d5ee2fff6003fe4fca437f476ecb98b6eae92f2b4d0716",
    "https://deno.land/x/cliffy@v1.0.0-rc.4/flags/_errors.ts": "f1fbb6bfa009e7950508c9d491cfb4a5551027d9f453389606adb3f2327d048f",
    "https://deno.land/x/cliffy@v1.0.0-rc.4/flags/_utils.ts": "25e519ce1f35acc8b43c75d1ca1c4ab591e7dab08327b7b408705b591e27d8bd",
    "https://deno.land/x/cliffy@v1.0.0-rc.4/flags/_validate_flags.ts": "e60b9038c0136ab7e6bd1baf0e993a07bf23f18afbfb6e12c59adf665a622957",
    "https://deno.land/x/cliffy@v1.0.0-rc.4/flags/deprecated.ts": "a72a35de3cc7314e5ebea605ca23d08385b218ef171c32a3f135fb4318b08126",
    "https://deno.land/x/cliffy@v1.0.0-rc.4/flags/deps.ts": "bed26afff36eeb25509440edec9d5d141b3411e08cc7a90e38a370969b5166bb",
    "https://deno.land/x/cliffy@v1.0.0-rc.4/flags/flags.ts": "3e62c4a9756b5705aada29e7e94847001356b3a83cd18ad56f4207387a71cf51",
    "https://deno.land/x/cliffy@v1.0.0-rc.4/flags/types.ts": "9e2f75edff2217d972fc711a21676a59dfd88378da2f1ace440ea84c07db1dcc",
    "https://deno.land/x/cliffy@v1.0.0-rc.4/flags/types/boolean.ts": "4c026dd66ec9c5436860dc6d0241427bdb8d8e07337ad71b33c08193428a2236",
    "https://deno.land/x/cliffy@v1.0.0-rc.4/flags/types/integer.ts": "b60d4d590f309ddddf066782d43e4dc3799f0e7d08e5ede7dc62a5ee94b9a6d9",
    "https://deno.land/x/cliffy@v1.0.0-rc.4/flags/types/number.ts": "610936e2d29de7c8c304b65489a75ebae17b005c6122c24e791fbed12444d51e",
    "https://deno.land/x/cliffy@v1.0.0-rc.4/flags/types/string.ts": "e89b6a5ce322f65a894edecdc48b44956ec246a1d881f03e97bbda90dd8638c5",
    "https://deno.land/x/cliffy@v1.0.0-rc.4/table/_layout.ts": "73a9bcb8a87b3a6817c4c9d2a31a21b874a7dd690ade1c64c9a1f066d628d626",
    "https://deno.land/x/cliffy@v1.0.0-rc.4/table/_utils.ts": "13390db3f11977b7a4fc1202fa8386be14696b475a7f46a65178354f9a6640b7",
    "https://deno.land/x/cliffy@v1.0.0-rc.4/table/border.ts": "5c6e9ef5078c6930169aacb668b274bdbb498461c724a7693ac9270fe9d3f5d5",
    "https://deno.land/x/cliffy@v1.0.0-rc.4/table/cell.ts": "65e3ee699c3cebeb4d4d44e8f156e37a8532a0f317359d73178a95724d3f9267",
    "https://deno.land/x/cliffy@v1.0.0-rc.4/table/column.ts": "cf14009f2cb14bad156f879946186c1893acdc6a2fee6845db152edddb6a2714",
    "https://deno.land/x/cliffy@v1.0.0-rc.4/table/consume_words.ts": "369d065dbf7f15c664ea8523e0ef750fb952aea6d88e146c375e64aec9503052",
    "https://deno.land/x/cliffy@v1.0.0-rc.4/table/deps.ts": "cbb896e8d7a6b5e3c2b9dda7d16638c202d9b46eb738c2dae1fa9480d8091486",
    "https://deno.land/x/cliffy@v1.0.0-rc.4/table/row.ts": "79eb1468aafdd951e5963898cdafe0752d4ab4c519d5f847f3d8ecb8fe857d4f",
    "https://deno.land/x/cliffy@v1.0.0-rc.4/table/table.ts": "298671e72e61f1ab18b42ae36643181993f79e29b39dc411fdc6ffd53aa04684",
    "https://deno.land/x/openai@v4.69.0/_shims/MultipartBody.ts": "fe06a56b54ae358c9cf99823096e34b36795fdba2e17513f0e9539210edd797d",
    "https://deno.land/x/openai@v4.69.0/_shims/mod.ts": "2e253cb26bfa7060bd37e45626e60e4bf3e7b3fb3e0f559fdfdeef94c73f9372",
    "https://deno.land/x/openai@v4.69.0/_vendor/partial-json-parser/parser.ts": "5ee7caf85edb570fb4b95a81e8fb48fc3c9450b70a46efe7f9c1a2010738d060",
    "https://deno.land/x/openai@v4.69.0/core.ts": "1a22d633616438e05192c7220c2e6206ce16fb1c46316a50ac4b0e786b1617cb",
    "https://deno.land/x/openai@v4.69.0/error.ts": "ffe2c1e6a373a88593c70289b94a44a508a925fde16807e489fa146b538f37de",
    "https://deno.land/x/openai@v4.69.0/internal/decoders/line.ts": "6ca47bdd694f2b96506012aa3f4d23a82d71d44dbe66f6f07d62e4733b161bfb",
    "https://deno.land/x/openai@v4.69.0/internal/qs/formats.ts": "7bbe68548238a984644a723bd045614c5b0e81c1a0ae5c3acc050931442d67d7",
    "https://deno.land/x/openai@v4.69.0/internal/qs/mod.ts": "eab02831aa5e2896d12b824cebf9b2c3a0fc718e8488a05b6d7c2d35895c102a",
    "https://deno.land/x/openai@v4.69.0/internal/qs/stringify.ts": "777514fc7107d6878a8ac80897bd4ca6f9be7ecf67ecf51f57359ec5e7186763",
    "https://deno.land/x/openai@v4.69.0/internal/qs/utils.ts": "9a2ecb6321ed49aa4e6f7cd7a47778365c7c3778283264c7c5e1756bfd7b97d1",
    "https://deno.land/x/openai@v4.69.0/lib/AbstractChatCompletionRunner.ts": "be24ad750e83495a1ec0ea2a6695798f6210e5f939a5d358597f3e46836c7d7c",
    "https://deno.land/x/openai@v4.69.0/lib/AssistantStream.ts": "4d7ab356cc77299e98a5926908ed080de2af0083bba6a1ffeb5509bc8f8d0a9d",
    "https://deno.land/x/openai@v4.69.0/lib/ChatCompletionRunner.ts": "f2038e4b0000d59bdfe601703ca9326085e493ba4b90ed8186a61d75d2377248",
    "https://deno.land/x/openai@v4.69.0/lib/ChatCompletionStream.ts": "4cb95561b01aa471895d398f1461a96c7272b0efd2c010ad1d4b9620a7ae1f47",
    "https://deno.land/x/openai@v4.69.0/lib/ChatCompletionStreamingRunner.ts": "35f8658c5fb354a724f59eca13731523bf565520b5923c00d995b09e2ea9a56f",
    "https://deno.land/x/openai@v4.69.0/lib/EventStream.ts": "14836091490ea45c9d1168dd91c179dbad7757ca7c7f953049f2bce10b0cbf6e",
    "https://deno.land/x/openai@v4.69.0/lib/RunnableFunction.ts": "640a9d35f27b470a95711d841295ccc530b851dec274f9a70bcd12cb04041545",
    "https://deno.land/x/openai@v4.69.0/lib/Util.ts": "aa555aecdbba8b0ae2e8a982a6797cabc0942fa0d2e99ce629d243d9032941b8",
    "https://deno.land/x/openai@v4.69.0/lib/chatCompletionUtils.ts": "4991d3e698a54f8e4273eb0f1d73851f7ba549a0a32fabbcd739627677003cb9",
    "https://deno.land/x/openai@v4.69.0/lib/jsonschema.ts": "ed31a7861e19e505c43aa7612579b2739243ee8e8dd47ccb5f8908fa5ff3b5f0",
    "https://deno.land/x/openai@v4.69.0/lib/parser.ts": "1461923499c521d97bdb7223adc228b3e1073f52d7d7c48822423081b8cc5c0c",
    "https://deno.land/x/openai@v4.69.0/mod.ts": "c6a4cb63aa253223a0de019872b6ec6fdbeb5dcec321e35a520484b3fea91904",
    "https://deno.land/x/openai@v4.69.0/pagination.ts": "02a6737ca6c987cab6effa2788327d022b9e0edc95dd98db0be986383f484e22",
    "https://deno.land/x/openai@v4.69.0/resource.ts": "c496dbda8dc6324d25fcef3d7233310935259d6aa0baf4b0d95039e4913f6380",
    "https://deno.land/x/openai@v4.69.0/resources/audio/audio.ts": "45b72cb5faa51c5823d7cc6b7629887373a0f3ccff6509c2d591ef08f1429a56",
    "https://deno.land/x/openai@v4.69.0/resources/audio/speech.ts": "406fd5cb6d9799dfbad09f4c9156797114550552f63d9a1822846b4e79f1950e",
    "https://deno.land/x/openai@v4.69.0/resources/audio/transcriptions.ts": "c0c9bdfb7a8c118947c70e8bb0d6e3e448c2a7dbf79ebfaa8beca5398dad87cb",
    "https://deno.land/x/openai@v4.69.0/resources/audio/translations.ts": "b09cafa74f0f4e9a6d78a687d898d1d9057556142c7df6d5b469f2693a8911d9",
    "https://deno.land/x/openai@v4.69.0/resources/batches.ts": "c74d0c40fd748fae60107297a10a62a1a98a646ac2a1b20e9be8499bdceeda57",
    "https://deno.land/x/openai@v4.69.0/resources/beta/assistants.ts": "dcf463ceb2424d6cbf8a3785c7d4074226b4a45388567773e5b88d62b81d871b",
    "https://deno.land/x/openai@v4.69.0/resources/beta/beta.ts": "18d141633c9ca356feed84f71789d37a0076f711012de4f0120a50226f9eaf88",
    "https://deno.land/x/openai@v4.69.0/resources/beta/chat/chat.ts": "80dc8786a4b895e9fb152495496f44ac669e95fbb9c2f5a3c0bd379f408b1e1c",
    "https://deno.land/x/openai@v4.69.0/resources/beta/chat/completions.ts": "4599a35da9351cd58ab46e536c3f62e207762f64655786de1f931438c125bf57",
    "https://deno.land/x/openai@v4.69.0/resources/beta/threads/messages.ts": "51acea64463644078110c67e280a49f630a8cefa62d7cff20c8e2e1fa10ebf0d",
    "https://deno.land/x/openai@v4.69.0/resources/beta/threads/runs/runs.ts": "a26a407ef55673e38e6c51abc8623a6469aed59d8a8fdde8706993e54694cb27",
    "https://deno.land/x/openai@v4.69.0/resources/beta/threads/runs/steps.ts": "6c4860df114632ff38fafb2e1dc7485b77dcf88570bc07544016c847db4ed21b",
    "https://deno.land/x/openai@v4.69.0/resources/beta/threads/threads.ts": "e410ba22441ce0d8dcfc155a5b57823189ff77ece733f6e8b932db4f3706f22f",
    "https://deno.land/x/openai@v4.69.0/resources/beta/vector-stores/file-batches.ts": "9b727c0aa5306580bfc0c474ce1871968707dfa3906fba05d737f95cc05af406",
    "https://deno.land/x/openai@v4.69.0/resources/beta/vector-stores/files.ts": "fff8fa00e3df2608741e7b83a95264b3bf9400bf9fe820e2a5ae72d7ea3f0198",
    "https://deno.land/x/openai@v4.69.0/resources/beta/vector-stores/vector-stores.ts": "544bdb83534d746d5577801c092a92e1d515571d68fa6509954089b11e813c91",
    "https://deno.land/x/openai@v4.69.0/resources/chat/chat.ts": "8209074deaa9a91a7c0fb660eba0bf09358c450cb0e9a2c0ed3df902e05658f6",
    "https://deno.land/x/openai@v4.69.0/resources/chat/completions.ts": "86e69cd410849236487f72a2086045c3a350de9b34552c2eb1716252c0f45268",
    "https://deno.land/x/openai@v4.69.0/resources/chat/mod.ts": "5bf995771df8aa7e86c1ede244f3d710841fb60276456e016a2f5fca595f3388",
    "https://deno.land/x/openai@v4.69.0/resources/completions.ts": "eed691559845988ce6ae9149fd4529977addb38174cb94165ebb7fc101fe052d",
    "https://deno.land/x/openai@v4.69.0/resources/embeddings.ts": "f85f38aeb2963535a11065b4a1852e07ab5428ec1b0b7997d3d1027f0d4adc4d",
    "https://deno.land/x/openai@v4.69.0/resources/files.ts": "b3edff249bbd1bd29c4bac1d2d32dfb44e9afbea0cbf31f37b240748059cff55",
    "https://deno.land/x/openai@v4.69.0/resources/fine-tuning/fine-tuning.ts": "5cb89d96fc6d914ae2d68257a4d08a1f12c140c12b7892a14393177ca9c4ca2b",
    "https://deno.land/x/openai@v4.69.0/resources/fine-tuning/jobs/checkpoints.ts": "d5a62d828186fb54b50ac2aa0f82a8f9b0c66a7ece0728e79e30cf6e19251bdf",
    "https://deno.land/x/openai@v4.69.0/resources/fine-tuning/jobs/jobs.ts": "cce555739996ad8611963b2d68d328c757fa1535fa8fc347982ca8fae2d3d7ac",
    "https://deno.land/x/openai@v4.69.0/resources/images.ts": "5774e74b1e88b7ba696272fac83a41c1558737d2640da64bcdfb11ba253b0943",
    "https://deno.land/x/openai@v4.69.0/resources/mod.ts": "feac7be25f772e37663e9764a5c6ba6d95ee8aa44a664e119a858bd8c005f52f",
    "https://deno.land/x/openai@v4.69.0/resources/models.ts": "fc8620e0d93158560be0e941bbb298870c7f85515ec2a411602fb46a1269ea93",
    "https://deno.land/x/openai@v4.69.0/resources/moderations.ts": "b9fb1e5f9597b46628f0181decbbcef7abf54bfbe0f57953669e6c26b45ed6ee",
    "https://deno.land/x/openai@v4.69.0/resources/shared.ts": "79abd8e478551d04209384197e86a7bc390a5a3de5d10b0f60aa67c9af4ad3b4",
    "https://deno.land/x/openai@v4.69.0/resources/uploads/parts.ts": "261610445bbbacdf913aec27d9084dbdd95c524b5eb74c0a3b9cb650d6135584",
    "https://deno.land/x/openai@v4.69.0/resources/uploads/uploads.ts": "6d42e5238aecba708eed1b48ad5eab37d7a9950d06e5f74aa059c8b94cfeff36",
    "https://deno.land/x/openai@v4.69.0/streaming.ts": "cde0b254d2a56e2e737b93a80109bead39ebfe9a44595f4d6625a3e1b56311d0",
    "https://deno.land/x/openai@v4.69.0/uploads.ts": "8dd7822de2fdb6a46be3941af43788000d4a2b56104180403f68999370d04542",
    "https://deno.land/x/openai@v4.69.0/version.ts": "b3c8e3c467769a9a5fc99440804b57eacfa99303e796e22350972a77d67744c2"
  },
  "workspace": {
    "dependencies": [
      "jsr:@elsoul/child-process@1.1.0",
      "jsr:@std/assert@1",
      "jsr:@std/dotenv@0.225.2",
      "npm:@triton-one/yellowstone-grpc@1.3.0",
      "npm:bs58@6.0.0"
    ],
    "members": {
      "cli": {
        "dependencies": [
          "jsr:@std/assert@1"
        ]
      }
    }
  }
}
